{
    "_meta": {
        "hash": {
            "sha256": "07b9643e173a3fab08d9c63f1869e8695970f1c05a6c0cee10c71a7ff3802fa7"
        },
        "pipfile-spec": 6,
        "requires": {
            "python_version": "3.8"
        },
        "sources": [
            {
                "name": "pypi",
                "url": "https://pypi.org/simple",
                "verify_ssl": true
            }
        ]
    },
    "default": {
        "blynklib": {
            "hashes": [
                "sha256:066c5c25e2d43a5319cc3433ba525fd8a08916231f22920f39c1f0f0332db250",
                "sha256:b077e1f86848d3b5c96dd824407dcd705de58b85fb2737d790f0be85574583be",
                "sha256:cfaeb612c332d1f81ab022bf4b78fc57d9887051da695a8b9df5ffe8eea58cba"
            ],
            "index": "pypi",
            "version": "==0.2.6"
        },
        "python-dotenv": {
            "hashes": [
                "sha256:31d752f5b748f4e292448c9a0cac6a08ed5e6f4cefab85044462dcad56905cec",
                "sha256:9fa413c37d4652d3fa02fea0ff465c384f5db75eab259c4fc5d0c5b8bf20edd4"
            ],
            "index": "pypi",
            "version": "==0.16.0"
        }
    },
    "develop": {}
}
