{
    "_meta": {
        "hash": {
            "sha256": "07b9643e173a3fab08d9c63f1869e8695970f1c05a6c0cee10c71a7ff3802fa7"
        },
        "pipfile-spec": 6,
        "requires": {
            "python_version": "3.8"
        },
        "sources": [
            {
                "name": "pypi",
                "url": "https://pypi.org/simple",
                "verify_ssl": true
            }
        ]
    },
    "default": {
        "blynklib": {
            "hashes": [
                "sha256:066c5c25e2d43a5319cc3433ba525fd8a08916231f22920f39c1f0f0332db250",
                "sha256:b077e1f86848d3b5c96dd824407dcd705de58b85fb2737d790f0be85574583be",
                "sha256:cfaeb612c332d1f81ab022bf4b78fc57d9887051da695a8b9df5ffe8eea58cba"
            ],
            "index": "pypi",
            "version": "==0.2.6"
        },
        "python-dotenv": {
            "hashes": [
                "sha256:0c8d1b80d1a1e91717ea7d526178e3882732420b03f08afea0406db6402e220e",
                "sha256:587825ed60b1711daea4832cf37524dfd404325b7db5e25ebe88c495c9f807a0"
            ],
            "index": "pypi",
            "version": "==0.15.0"
        }
    },
    "develop": {}
}
